# This file is automatically @generated by Cargo.
version = 3

[[package]]
name = "myapp"
version = "0.1.0"
dependencies = [
 "serde",
 "tokio",
]

[[package]]
name = "mio"
version = "0.8.9"
source = "registry+https://github.com/rust-lang/crates.io-index"
checksum = "0000"

[[package]]
name = "serde"
version = "1.0.190"
source = "registry+https://github.com/rust-lang/crates.io-index"
checksum = "0000"

[[package]]
name = "tokio"
version = "1.33.0"
source = "registry+https://github.com/rust-lang/crates.io-index"
checksum = "0000"
dependencies = [
 "mio",
]
