{
  "name": "demo-app",
  "version": "1.2.0",
  "lockfileVersion": 3,
  "requires": true,
  "packages": {
    "": {
      "name": "demo-app",
      "version": "1.2.0",
      "dependencies": {
        "express": "^4.18.0",
        "@babel/core": "^7.23.0"
      },
      "devDependencies": {
        "jest": "^29.7.0"
      }
    },
    "node_modules/express": {
      "version": "4.18.2",
      "resolved": "https://registry.npmjs.org/express/-/express-4.18.2.tgz"
    },
    "node_modules/@babel/core": {
      "version": "7.23.0"
    },
    "node_modules/body-parser": {
      "version": "1.20.1"
    },
    "node_modules/express/node_modules/debug": {
      "version": "2.6.9"
    },
    "node_modules/jest": {
      "version": "29.7.0",
      "dev": true
    },
    "node_modules/fsevents": {
      "version": "2.3.3",
      "dev": true,
      "optional": true
    },
    "node_modules/local-lib": {
      "resolved": "packages/local-lib",
      "link": true
    },
    "packages/local-lib": {
      "name": "local-lib",
      "version": "0.0.1"
    }
  }
}
