{
  "name": "old-app",
  "version": "0.1.0",
  "lockfileVersion": 1,
  "requires": true,
  "dependencies": {
    "lodash": {
      "version": "4.17.15"
    },
    "request": {
      "version": "2.88.0",
      "dependencies": {
        "qs": {
          "version": "6.5.2"
        }
      }
    },
    "mime": {
      "version": "1.6.0"
    },
    "mocha": {
      "version": "8.0.0",
      "dev": true
    }
  }
}
