# This file is automatically @generated by Poetry 2.0.1 and should not be changed by hand.

[[package]]
name = "flask"
version = "3.0.0"
description = "A simple framework for building complex web applications."
optional = false
python-versions = ">=3.8"
groups = ["main"]
files = []

[[package]]
name = "werkzeug"
version = "3.0.1"
description = "The comprehensive WSGI web application library."
optional = false
python-versions = ">=3.8"
groups = ["main"]
files = []

[[package]]
name = "pydantic"
version = "2.5.2"
description = "Data validation"
optional = false
python-versions = ">=3.7"
groups = ["main"]
files = []

[[package]]
name = "pytest"
version = "7.4.3"
description = "pytest"
optional = false
python-versions = ">=3.7"
groups = ["dev"]
files = []

[metadata]
lock-version = "2.1"
python-versions = ">=3.11"
content-hash = "0000"
